
Microsoft Visual Studio Solution File, Format Version 12.00
# Visual Studio Version 17
VisualStudioVersion = 17.4.33122.133
MinimumVisualStudioVersion = 10.0.40219.1
Project("{9A19103F-16F7-4668-BE54-9A1E7A4F7556}") = "Jobsway2goMvc", "Jobsway2goMvc\Jobsway2goMvc.csproj", "{4388DB58-7108-4347-B751-4F3F6CB28CDC}"
EndProject
Global
	GlobalSection(SolutionConfigurationPlatforms) = preSolution
		Debug|Any CPU = Debug|Any CPU
		Release|Any CPU = Release|Any CPU
	EndGlobalSection
	GlobalSection(ProjectConfigurationPlatforms) = postSolution
		{4388DB58-7108-4347-B751-4F3F6CB28CDC}.Debug|Any CPU.ActiveCfg = Debug|Any CPU
		{4388DB58-7108-4347-B751-4F3F6CB28CDC}.Debug|Any CPU.Build.0 = Debug|Any CPU
		{4388DB58-7108-4347-B751-4F3F6CB28CDC}.Release|Any CPU.ActiveCfg = Release|Any CPU
		{4388DB58-7108-4347-B751-4F3F6CB28CDC}.Release|Any CPU.Build.0 = Release|Any CPU
	EndGlobalSection
	GlobalSection(SolutionProperties) = preSolution
		HideSolutionNode = FALSE
	EndGlobalSection
	GlobalSection(ExtensibilityGlobals) = postSolution
		SolutionGuid = {B1B1CCDD-9027-48BA-BCC2-D71CF2CB5E12}
	EndGlobalSection
EndGlobal
